{
  "requires": true,
  "lockfileVersion": 1,
  "dependencies": {
    "weixin-js-sdk": {
      "version": "1.4.0-test",
      "resolved": "https://registry.npmjs.org/weixin-js-sdk/-/weixin-js-sdk-1.4.0-test.tgz",
      "integrity": "sha512-Dh/TwKhaQVAlyqEXdR65aJdexsynOhCEauexY93YZ+gXcV+ITTd/qvAHdwmkGP0nwAp314v0FD4AXUqCBQFm6Q=="
    }
  }
}
